{
  "name": "sunoma",
  "version": "1.0.0",
  "lockfileVersion": 3,
  "requires": true,
  "packages": {
    "": {
      "name": "sunoma",
      "version": "1.0.0",
      "license": "ISC",
      "dependencies": {
        "itty-router": "^5.0.17"
      }
    },
    "node_modules/itty-router": {
      "version": "5.0.17",
      "resolved": "https://registry.npmjs.org/itty-router/-/itty-router-5.0.17.tgz",
      "integrity": "sha512-ZHnPI0OOyTTLuNp2FdciejYaK4Wl3ZV3O0yEm8njOGggh/k/ek3BL7X2I5YsCOfc5vLhIJgj3Z4pUtLs6k9Ucg=="
    }
  }
}
